
Microsoft Visual Studio Solution File, Format Version 12.00
# Visual Studio 15
VisualStudioVersion = 15.0.27703.2047
MinimumVisualStudioVersion = 10.0.40219.1
Project("{FAE04EC0-301F-11D3-BF4B-00C04F79EFBC}") = "SGBank.UI", "SGBank.UI\SGBank.UI.csproj", "{ED59957E-690E-41ED-8621-0B97ECEF8E19}"
EndProject
Project("{FAE04EC0-301F-11D3-BF4B-00C04F79EFBC}") = "SGBank.Models", "SGBank.Models\SGBank.Models.csproj", "{7A7EA4AB-CFC3-4BDF-8283-652FD7A95A1B}"
EndProject
Project("{FAE04EC0-301F-11D3-BF4B-00C04F79EFBC}") = "SGBank.BLL", "SGBank.BLL\SGBank.BLL.csproj", "{9DA65A56-8692-4EDC-A0F8-8DE573C4F79A}"
EndProject
Project("{FAE04EC0-301F-11D3-BF4B-00C04F79EFBC}") = "SGBank.Data", "SGBank.Data\SGBank.Data.csproj", "{1D0AF0CB-FBB8-4BC6-9077-7A61CDE4491C}"
EndProject
Project("{FAE04EC0-301F-11D3-BF4B-00C04F79EFBC}") = "SGBank.Tests", "SGBank.Tests\SGBank.Tests.csproj", "{46DBE1F8-3921-4F96-8D3A-F804876DA68B}"
EndProject
Global
	GlobalSection(SolutionConfigurationPlatforms) = preSolution
		Debug|Any CPU = Debug|Any CPU
		Release|Any CPU = Release|Any CPU
	EndGlobalSection
	GlobalSection(ProjectConfigurationPlatforms) = postSolution
		{ED59957E-690E-41ED-8621-0B97ECEF8E19}.Debug|Any CPU.ActiveCfg = Debug|Any CPU
		{ED59957E-690E-41ED-8621-0B97ECEF8E19}.Debug|Any CPU.Build.0 = Debug|Any CPU
		{ED59957E-690E-41ED-8621-0B97ECEF8E19}.Release|Any CPU.ActiveCfg = Release|Any CPU
		{ED59957E-690E-41ED-8621-0B97ECEF8E19}.Release|Any CPU.Build.0 = Release|Any CPU
		{7A7EA4AB-CFC3-4BDF-8283-652FD7A95A1B}.Debug|Any CPU.ActiveCfg = Debug|Any CPU
		{7A7EA4AB-CFC3-4BDF-8283-652FD7A95A1B}.Debug|Any CPU.Build.0 = Debug|Any CPU
		{7A7EA4AB-CFC3-4BDF-8283-652FD7A95A1B}.Release|Any CPU.ActiveCfg = Release|Any CPU
		{7A7EA4AB-CFC3-4BDF-8283-652FD7A95A1B}.Release|Any CPU.Build.0 = Release|Any CPU
		{9DA65A56-8692-4EDC-A0F8-8DE573C4F79A}.Debug|Any CPU.ActiveCfg = Debug|Any CPU
		{9DA65A56-8692-4EDC-A0F8-8DE573C4F79A}.Debug|Any CPU.Build.0 = Debug|Any CPU
		{9DA65A56-8692-4EDC-A0F8-8DE573C4F79A}.Release|Any CPU.ActiveCfg = Release|Any CPU
		{9DA65A56-8692-4EDC-A0F8-8DE573C4F79A}.Release|Any CPU.Build.0 = Release|Any CPU
		{1D0AF0CB-FBB8-4BC6-9077-7A61CDE4491C}.Debug|Any CPU.ActiveCfg = Debug|Any CPU
		{1D0AF0CB-FBB8-4BC6-9077-7A61CDE4491C}.Debug|Any CPU.Build.0 = Debug|Any CPU
		{1D0AF0CB-FBB8-4BC6-9077-7A61CDE4491C}.Release|Any CPU.ActiveCfg = Release|Any CPU
		{1D0AF0CB-FBB8-4BC6-9077-7A61CDE4491C}.Release|Any CPU.Build.0 = Release|Any CPU
		{46DBE1F8-3921-4F96-8D3A-F804876DA68B}.Debug|Any CPU.ActiveCfg = Debug|Any CPU
		{46DBE1F8-3921-4F96-8D3A-F804876DA68B}.Debug|Any CPU.Build.0 = Debug|Any CPU
		{46DBE1F8-3921-4F96-8D3A-F804876DA68B}.Release|Any CPU.ActiveCfg = Release|Any CPU
		{46DBE1F8-3921-4F96-8D3A-F804876DA68B}.Release|Any CPU.Build.0 = Release|Any CPU
	EndGlobalSection
	GlobalSection(SolutionProperties) = preSolution
		HideSolutionNode = FALSE
	EndGlobalSection
	GlobalSection(ExtensibilityGlobals) = postSolution
		SolutionGuid = {1BD0C847-BCEE-44BB-BC9E-24D83DFA8834}
	EndGlobalSection
EndGlobal
