
Microsoft Visual Studio Solution File, Format Version 12.00
# Visual Studio 15
VisualStudioVersion = 15.0.27703.2047
MinimumVisualStudioVersion = 10.0.40219.1
Project("{FAE04EC0-301F-11D3-BF4B-00C04F79EFBC}") = "FlooringOrderingSystem.UI", "FlooringOrderingSystem.UI\FlooringOrderingSystem.UI.csproj", "{837A371A-864F-45AD-8805-6A58DF19A168}"
EndProject
Project("{FAE04EC0-301F-11D3-BF4B-00C04F79EFBC}") = "FlooringOrderingSystem.BLL", "FlooringOrderingSystem.BLL\FlooringOrderingSystem.BLL.csproj", "{0EA50AFF-1DB6-4244-96E1-5FADF388725E}"
EndProject
Project("{FAE04EC0-301F-11D3-BF4B-00C04F79EFBC}") = "FlooringOrderingSystem.Data", "FlooringOrderingSystem.Data\FlooringOrderingSystem.Data.csproj", "{C2A287BD-6675-41D7-BD85-488B53B50892}"
EndProject
Project("{FAE04EC0-301F-11D3-BF4B-00C04F79EFBC}") = "FlooringOrderingSystem.Models", "FlooringOrderingSystem.Models\FlooringOrderingSystem.Models.csproj", "{3D71D23E-8FA4-4A2F-A2D6-EDA9B5C7CA8D}"
EndProject
Project("{FAE04EC0-301F-11D3-BF4B-00C04F79EFBC}") = "FlooringOrderingSystem.Tests", "FlooringOrderingSystem.Tests\FlooringOrderingSystem.Tests.csproj", "{0710723F-5E5B-4D5D-941B-FA808EBE6F53}"
EndProject
Global
	GlobalSection(SolutionConfigurationPlatforms) = preSolution
		Debug|Any CPU = Debug|Any CPU
		Release|Any CPU = Release|Any CPU
	EndGlobalSection
	GlobalSection(ProjectConfigurationPlatforms) = postSolution
		{837A371A-864F-45AD-8805-6A58DF19A168}.Debug|Any CPU.ActiveCfg = Debug|Any CPU
		{837A371A-864F-45AD-8805-6A58DF19A168}.Debug|Any CPU.Build.0 = Debug|Any CPU
		{837A371A-864F-45AD-8805-6A58DF19A168}.Release|Any CPU.ActiveCfg = Release|Any CPU
		{837A371A-864F-45AD-8805-6A58DF19A168}.Release|Any CPU.Build.0 = Release|Any CPU
		{0EA50AFF-1DB6-4244-96E1-5FADF388725E}.Debug|Any CPU.ActiveCfg = Debug|Any CPU
		{0EA50AFF-1DB6-4244-96E1-5FADF388725E}.Debug|Any CPU.Build.0 = Debug|Any CPU
		{0EA50AFF-1DB6-4244-96E1-5FADF388725E}.Release|Any CPU.ActiveCfg = Release|Any CPU
		{0EA50AFF-1DB6-4244-96E1-5FADF388725E}.Release|Any CPU.Build.0 = Release|Any CPU
		{C2A287BD-6675-41D7-BD85-488B53B50892}.Debug|Any CPU.ActiveCfg = Debug|Any CPU
		{C2A287BD-6675-41D7-BD85-488B53B50892}.Debug|Any CPU.Build.0 = Debug|Any CPU
		{C2A287BD-6675-41D7-BD85-488B53B50892}.Release|Any CPU.ActiveCfg = Release|Any CPU
		{C2A287BD-6675-41D7-BD85-488B53B50892}.Release|Any CPU.Build.0 = Release|Any CPU
		{3D71D23E-8FA4-4A2F-A2D6-EDA9B5C7CA8D}.Debug|Any CPU.ActiveCfg = Debug|Any CPU
		{3D71D23E-8FA4-4A2F-A2D6-EDA9B5C7CA8D}.Debug|Any CPU.Build.0 = Debug|Any CPU
		{3D71D23E-8FA4-4A2F-A2D6-EDA9B5C7CA8D}.Release|Any CPU.ActiveCfg = Release|Any CPU
		{3D71D23E-8FA4-4A2F-A2D6-EDA9B5C7CA8D}.Release|Any CPU.Build.0 = Release|Any CPU
		{0710723F-5E5B-4D5D-941B-FA808EBE6F53}.Debug|Any CPU.ActiveCfg = Debug|Any CPU
		{0710723F-5E5B-4D5D-941B-FA808EBE6F53}.Debug|Any CPU.Build.0 = Debug|Any CPU
		{0710723F-5E5B-4D5D-941B-FA808EBE6F53}.Release|Any CPU.ActiveCfg = Release|Any CPU
		{0710723F-5E5B-4D5D-941B-FA808EBE6F53}.Release|Any CPU.Build.0 = Release|Any CPU
	EndGlobalSection
	GlobalSection(SolutionProperties) = preSolution
		HideSolutionNode = FALSE
	EndGlobalSection
	GlobalSection(ExtensibilityGlobals) = postSolution
		SolutionGuid = {84B1552A-EE1C-44D9-B54C-C40C7398EB57}
	EndGlobalSection
EndGlobal
