
Microsoft Visual Studio Solution File, Format Version 12.00
# Visual Studio 15
VisualStudioVersion = 15.0.27703.2047
MinimumVisualStudioVersion = 10.0.40219.1
Project("{FAE04EC0-301F-11D3-BF4B-00C04F79EFBC}") = "InABucket", "InABucket\InABucket.csproj", "{0501B6B1-44E9-4089-87E2-F89F7DEEB233}"
EndProject
Global
	GlobalSection(SolutionConfigurationPlatforms) = preSolution
		Debug|Any CPU = Debug|Any CPU
		Release|Any CPU = Release|Any CPU
	EndGlobalSection
	GlobalSection(ProjectConfigurationPlatforms) = postSolution
		{0501B6B1-44E9-4089-87E2-F89F7DEEB233}.Debug|Any CPU.ActiveCfg = Debug|Any CPU
		{0501B6B1-44E9-4089-87E2-F89F7DEEB233}.Debug|Any CPU.Build.0 = Debug|Any CPU
		{0501B6B1-44E9-4089-87E2-F89F7DEEB233}.Release|Any CPU.ActiveCfg = Release|Any CPU
		{0501B6B1-44E9-4089-87E2-F89F7DEEB233}.Release|Any CPU.Build.0 = Release|Any CPU
	EndGlobalSection
	GlobalSection(SolutionProperties) = preSolution
		HideSolutionNode = FALSE
	EndGlobalSection
	GlobalSection(ExtensibilityGlobals) = postSolution
		SolutionGuid = {4F825949-E858-451A-B0BE-EA24B454BB13}
	EndGlobalSection
EndGlobal
