
Microsoft Visual Studio Solution File, Format Version 12.00
# Visual Studio 15
VisualStudioVersion = 15.0.27703.2047
MinimumVisualStudioVersion = 10.0.40219.1
Project("{FAE04EC0-301F-11D3-BF4B-00C04F79EFBC}") = "MenuOfChampions", "MenuOfChampions\MenuOfChampions.csproj", "{417C16A2-7923-4360-B475-833795D9AE3B}"
EndProject
Global
	GlobalSection(SolutionConfigurationPlatforms) = preSolution
		Debug|Any CPU = Debug|Any CPU
		Release|Any CPU = Release|Any CPU
	EndGlobalSection
	GlobalSection(ProjectConfigurationPlatforms) = postSolution
		{417C16A2-7923-4360-B475-833795D9AE3B}.Debug|Any CPU.ActiveCfg = Debug|Any CPU
		{417C16A2-7923-4360-B475-833795D9AE3B}.Debug|Any CPU.Build.0 = Debug|Any CPU
		{417C16A2-7923-4360-B475-833795D9AE3B}.Release|Any CPU.ActiveCfg = Release|Any CPU
		{417C16A2-7923-4360-B475-833795D9AE3B}.Release|Any CPU.Build.0 = Release|Any CPU
	EndGlobalSection
	GlobalSection(SolutionProperties) = preSolution
		HideSolutionNode = FALSE
	EndGlobalSection
	GlobalSection(ExtensibilityGlobals) = postSolution
		SolutionGuid = {119C8C10-E71E-4FFD-96FB-AE9E0F06036A}
	EndGlobalSection
EndGlobal
