
Microsoft Visual Studio Solution File, Format Version 12.00
# Visual Studio 15
VisualStudioVersion = 15.0.27703.2047
MinimumVisualStudioVersion = 10.0.40219.1
Project("{FAE04EC0-301F-11D3-BF4B-00C04F79EFBC}") = "HelloGuild", "HelloGuild\HelloGuild.csproj", "{7C069296-5DB0-41CB-94E4-62F81CC90BA7}"
EndProject
Global
	GlobalSection(SolutionConfigurationPlatforms) = preSolution
		Debug|Any CPU = Debug|Any CPU
		Release|Any CPU = Release|Any CPU
	EndGlobalSection
	GlobalSection(ProjectConfigurationPlatforms) = postSolution
		{7C069296-5DB0-41CB-94E4-62F81CC90BA7}.Debug|Any CPU.ActiveCfg = Debug|Any CPU
		{7C069296-5DB0-41CB-94E4-62F81CC90BA7}.Debug|Any CPU.Build.0 = Debug|Any CPU
		{7C069296-5DB0-41CB-94E4-62F81CC90BA7}.Release|Any CPU.ActiveCfg = Release|Any CPU
		{7C069296-5DB0-41CB-94E4-62F81CC90BA7}.Release|Any CPU.Build.0 = Release|Any CPU
	EndGlobalSection
	GlobalSection(SolutionProperties) = preSolution
		HideSolutionNode = FALSE
	EndGlobalSection
	GlobalSection(ExtensibilityGlobals) = postSolution
		SolutionGuid = {1CE9AE8C-B96E-400B-B0AD-E3E5DDFF754F}
	EndGlobalSection
EndGlobal
