
Microsoft Visual Studio Solution File, Format Version 12.00
# Visual Studio 15
VisualStudioVersion = 15.0.27703.2047
MinimumVisualStudioVersion = 10.0.40219.1
Project("{FAE04EC0-301F-11D3-BF4B-00C04F79EFBC}") = "ProjectGutenberg", "ProjectGutenberg\ProjectGutenberg.csproj", "{5FD4A586-C0EB-467F-B7FB-305582E286EF}"
EndProject
Global
	GlobalSection(SolutionConfigurationPlatforms) = preSolution
		Debug|Any CPU = Debug|Any CPU
		Release|Any CPU = Release|Any CPU
	EndGlobalSection
	GlobalSection(ProjectConfigurationPlatforms) = postSolution
		{5FD4A586-C0EB-467F-B7FB-305582E286EF}.Debug|Any CPU.ActiveCfg = Debug|Any CPU
		{5FD4A586-C0EB-467F-B7FB-305582E286EF}.Debug|Any CPU.Build.0 = Debug|Any CPU
		{5FD4A586-C0EB-467F-B7FB-305582E286EF}.Release|Any CPU.ActiveCfg = Release|Any CPU
		{5FD4A586-C0EB-467F-B7FB-305582E286EF}.Release|Any CPU.Build.0 = Release|Any CPU
	EndGlobalSection
	GlobalSection(SolutionProperties) = preSolution
		HideSolutionNode = FALSE
	EndGlobalSection
	GlobalSection(ExtensibilityGlobals) = postSolution
		SolutionGuid = {AF1B7C0A-C567-4FEE-802B-7E357F21F92E}
	EndGlobalSection
EndGlobal
