
Microsoft Visual Studio Solution File, Format Version 12.00
# Visual Studio 15
VisualStudioVersion = 15.0.27703.2047
MinimumVisualStudioVersion = 10.0.40219.1
Project("{FAE04EC0-301F-11D3-BF4B-00C04F79EFBC}") = "TheOrderOfThings", "TheOrderOfThings\TheOrderOfThings.csproj", "{D13EA195-0E86-4FA7-860E-C29CCF25667C}"
EndProject
Global
	GlobalSection(SolutionConfigurationPlatforms) = preSolution
		Debug|Any CPU = Debug|Any CPU
		Release|Any CPU = Release|Any CPU
	EndGlobalSection
	GlobalSection(ProjectConfigurationPlatforms) = postSolution
		{D13EA195-0E86-4FA7-860E-C29CCF25667C}.Debug|Any CPU.ActiveCfg = Debug|Any CPU
		{D13EA195-0E86-4FA7-860E-C29CCF25667C}.Debug|Any CPU.Build.0 = Debug|Any CPU
		{D13EA195-0E86-4FA7-860E-C29CCF25667C}.Release|Any CPU.ActiveCfg = Release|Any CPU
		{D13EA195-0E86-4FA7-860E-C29CCF25667C}.Release|Any CPU.Build.0 = Release|Any CPU
	EndGlobalSection
	GlobalSection(SolutionProperties) = preSolution
		HideSolutionNode = FALSE
	EndGlobalSection
	GlobalSection(ExtensibilityGlobals) = postSolution
		SolutionGuid = {53CFA3A5-786B-4A0B-BE1A-01627D9FB9EB}
	EndGlobalSection
EndGlobal
