
Microsoft Visual Studio Solution File, Format Version 12.00
# Visual Studio 15
VisualStudioVersion = 15.0.27703.2047
MinimumVisualStudioVersion = 10.0.40219.1
Project("{FAE04EC0-301F-11D3-BF4B-00C04F79EFBC}") = "ForByFor", "ForByFor\ForByFor.csproj", "{2DB8358B-82DA-4D35-9DA1-01080B03BA96}"
EndProject
Global
	GlobalSection(SolutionConfigurationPlatforms) = preSolution
		Debug|Any CPU = Debug|Any CPU
		Release|Any CPU = Release|Any CPU
	EndGlobalSection
	GlobalSection(ProjectConfigurationPlatforms) = postSolution
		{2DB8358B-82DA-4D35-9DA1-01080B03BA96}.Debug|Any CPU.ActiveCfg = Debug|Any CPU
		{2DB8358B-82DA-4D35-9DA1-01080B03BA96}.Debug|Any CPU.Build.0 = Debug|Any CPU
		{2DB8358B-82DA-4D35-9DA1-01080B03BA96}.Release|Any CPU.ActiveCfg = Release|Any CPU
		{2DB8358B-82DA-4D35-9DA1-01080B03BA96}.Release|Any CPU.Build.0 = Release|Any CPU
	EndGlobalSection
	GlobalSection(SolutionProperties) = preSolution
		HideSolutionNode = FALSE
	EndGlobalSection
	GlobalSection(ExtensibilityGlobals) = postSolution
		SolutionGuid = {006AC1D9-4279-4051-AF07-278146B737D4}
	EndGlobalSection
EndGlobal
