
Microsoft Visual Studio Solution File, Format Version 12.00
# Visual Studio 15
VisualStudioVersion = 15.0.27703.2047
MinimumVisualStudioVersion = 10.0.40219.1
Project("{FAE04EC0-301F-11D3-BF4B-00C04F79EFBC}") = "BestAdderEver", "BestAdderEver\BestAdderEver.csproj", "{04F4D8F2-FCE2-4FB4-8B6B-3A2D49CE72D5}"
EndProject
Global
	GlobalSection(SolutionConfigurationPlatforms) = preSolution
		Debug|Any CPU = Debug|Any CPU
		Release|Any CPU = Release|Any CPU
	EndGlobalSection
	GlobalSection(ProjectConfigurationPlatforms) = postSolution
		{04F4D8F2-FCE2-4FB4-8B6B-3A2D49CE72D5}.Debug|Any CPU.ActiveCfg = Debug|Any CPU
		{04F4D8F2-FCE2-4FB4-8B6B-3A2D49CE72D5}.Debug|Any CPU.Build.0 = Debug|Any CPU
		{04F4D8F2-FCE2-4FB4-8B6B-3A2D49CE72D5}.Release|Any CPU.ActiveCfg = Release|Any CPU
		{04F4D8F2-FCE2-4FB4-8B6B-3A2D49CE72D5}.Release|Any CPU.Build.0 = Release|Any CPU
	EndGlobalSection
	GlobalSection(SolutionProperties) = preSolution
		HideSolutionNode = FALSE
	EndGlobalSection
	GlobalSection(ExtensibilityGlobals) = postSolution
		SolutionGuid = {3FEBA380-502B-4C20-B3EA-84E7F3C26AC6}
	EndGlobalSection
EndGlobal
